
Microsoft Visual Studio Solution File, Format Version 12.00
# Visual Studio Version 16
VisualStudioVersion = 16.0.30523.141
MinimumVisualStudioVersion = 10.0.40219.1
Project("{FAE04EC0-301F-11D3-BF4B-00C04F79EFBC}") = "VARGAS_ROSELL_T3.WEB", "VARGAS_ROSELL_T3.WEB\VARGAS_ROSELL_T3.WEB.csproj", "{F794048E-69F7-4536-8DB3-3C8636874236}"
EndProject
Project("{FAE04EC0-301F-11D3-BF4B-00C04F79EFBC}") = "VARGAS_ROSELL_T3.TEST", "VARGAS_ROSELL_T3.TEST\VARGAS_ROSELL_T3.TEST.csproj", "{5E0D4C2C-A85D-4FB4-9B29-5C9442A51AAB}"
EndProject
Global
	GlobalSection(SolutionConfigurationPlatforms) = preSolution
		Debug|Any CPU = Debug|Any CPU
		Release|Any CPU = Release|Any CPU
	EndGlobalSection
	GlobalSection(ProjectConfigurationPlatforms) = postSolution
		{F794048E-69F7-4536-8DB3-3C8636874236}.Debug|Any CPU.ActiveCfg = Debug|Any CPU
		{F794048E-69F7-4536-8DB3-3C8636874236}.Debug|Any CPU.Build.0 = Debug|Any CPU
		{F794048E-69F7-4536-8DB3-3C8636874236}.Release|Any CPU.ActiveCfg = Release|Any CPU
		{F794048E-69F7-4536-8DB3-3C8636874236}.Release|Any CPU.Build.0 = Release|Any CPU
		{5E0D4C2C-A85D-4FB4-9B29-5C9442A51AAB}.Debug|Any CPU.ActiveCfg = Debug|Any CPU
		{5E0D4C2C-A85D-4FB4-9B29-5C9442A51AAB}.Debug|Any CPU.Build.0 = Debug|Any CPU
		{5E0D4C2C-A85D-4FB4-9B29-5C9442A51AAB}.Release|Any CPU.ActiveCfg = Release|Any CPU
		{5E0D4C2C-A85D-4FB4-9B29-5C9442A51AAB}.Release|Any CPU.Build.0 = Release|Any CPU
	EndGlobalSection
	GlobalSection(SolutionProperties) = preSolution
		HideSolutionNode = FALSE
	EndGlobalSection
	GlobalSection(ExtensibilityGlobals) = postSolution
		SolutionGuid = {5974005F-B3CC-44B1-8400-D43CB5DCFDE8}
	EndGlobalSection
EndGlobal
